
Microsoft Visual Studio Solution File, Format Version 12.00
# Visual Studio Version 17
VisualStudioVersion = 17.13.35931.197 d17.13
MinimumVisualStudioVersion = 10.0.40219.1
Project("{FAE04EC0-301F-11D3-BF4B-00C04F79EFBC}") = "MalshinonProject", "MalshinonProject\MalshinonProject.csproj", "{47845C5C-315A-4450-9925-27F236301C45}"
EndProject
Global
	GlobalSection(SolutionConfigurationPlatforms) = preSolution
		Debug|Any CPU = Debug|Any CPU
		Release|Any CPU = Release|Any CPU
	EndGlobalSection
	GlobalSection(ProjectConfigurationPlatforms) = postSolution
		{47845C5C-315A-4450-9925-27F236301C45}.Debug|Any CPU.ActiveCfg = Debug|Any CPU
		{47845C5C-315A-4450-9925-27F236301C45}.Debug|Any CPU.Build.0 = Debug|Any CPU
		{47845C5C-315A-4450-9925-27F236301C45}.Release|Any CPU.ActiveCfg = Release|Any CPU
		{47845C5C-315A-4450-9925-27F236301C45}.Release|Any CPU.Build.0 = Release|Any CPU
	EndGlobalSection
	GlobalSection(SolutionProperties) = preSolution
		HideSolutionNode = FALSE
	EndGlobalSection
	GlobalSection(ExtensibilityGlobals) = postSolution
		SolutionGuid = {07D8F25F-17D0-41B0-B111-59FD46190186}
	EndGlobalSection
EndGlobal
